
Microsoft Visual Studio Solution File, Format Version 12.00
# Visual Studio Version 16
VisualStudioVersion = 16.0.30406.217
MinimumVisualStudioVersion = 10.0.40219.1
Project("{FAE04EC0-301F-11D3-BF4B-00C04F79EFBC}") = "Okkei Patcher", "Okkei Patcher\Okkei Patcher.csproj", "{6E02849C-C218-41C9-A5DE-7B29E511EB64}"
EndProject
Project("{FAE04EC0-301F-11D3-BF4B-00C04F79EFBC}") = "SignApk", "SignApk\SignApk.csproj", "{C387AC4A-A77F-4181-8AB0-FEB92BE202A5}"
EndProject
Project("{FAE04EC0-301F-11D3-BF4B-00C04F79EFBC}") = "Patcher", "Patcher\Patcher.csproj", "{03C231C3-B592-4539-8FC2-591BD7D8A161}"
EndProject
Global
	GlobalSection(SolutionConfigurationPlatforms) = preSolution
		Debug|Any CPU = Debug|Any CPU
		Debug|x86 = Debug|x86
		Release|Any CPU = Release|Any CPU
		Release|x86 = Release|x86
	EndGlobalSection
	GlobalSection(ProjectConfigurationPlatforms) = postSolution
		{6E02849C-C218-41C9-A5DE-7B29E511EB64}.Debug|Any CPU.ActiveCfg = Debug|Any CPU
		{6E02849C-C218-41C9-A5DE-7B29E511EB64}.Debug|Any CPU.Build.0 = Debug|Any CPU
		{6E02849C-C218-41C9-A5DE-7B29E511EB64}.Debug|Any CPU.Deploy.0 = Debug|Any CPU
		{6E02849C-C218-41C9-A5DE-7B29E511EB64}.Debug|x86.ActiveCfg = Debug|Any CPU
		{6E02849C-C218-41C9-A5DE-7B29E511EB64}.Debug|x86.Build.0 = Debug|Any CPU
		{6E02849C-C218-41C9-A5DE-7B29E511EB64}.Debug|x86.Deploy.0 = Debug|Any CPU
		{6E02849C-C218-41C9-A5DE-7B29E511EB64}.Release|Any CPU.ActiveCfg = Release|Any CPU
		{6E02849C-C218-41C9-A5DE-7B29E511EB64}.Release|Any CPU.Build.0 = Release|Any CPU
		{6E02849C-C218-41C9-A5DE-7B29E511EB64}.Release|Any CPU.Deploy.0 = Release|Any CPU
		{6E02849C-C218-41C9-A5DE-7B29E511EB64}.Release|x86.ActiveCfg = Release|Any CPU
		{6E02849C-C218-41C9-A5DE-7B29E511EB64}.Release|x86.Build.0 = Release|Any CPU
		{6E02849C-C218-41C9-A5DE-7B29E511EB64}.Release|x86.Deploy.0 = Release|Any CPU
		{C387AC4A-A77F-4181-8AB0-FEB92BE202A5}.Debug|Any CPU.ActiveCfg = Debug|Any CPU
		{C387AC4A-A77F-4181-8AB0-FEB92BE202A5}.Debug|Any CPU.Build.0 = Debug|Any CPU
		{C387AC4A-A77F-4181-8AB0-FEB92BE202A5}.Debug|x86.ActiveCfg = Debug|Any CPU
		{C387AC4A-A77F-4181-8AB0-FEB92BE202A5}.Debug|x86.Build.0 = Debug|Any CPU
		{C387AC4A-A77F-4181-8AB0-FEB92BE202A5}.Release|Any CPU.ActiveCfg = Release|Any CPU
		{C387AC4A-A77F-4181-8AB0-FEB92BE202A5}.Release|Any CPU.Build.0 = Release|Any CPU
		{C387AC4A-A77F-4181-8AB0-FEB92BE202A5}.Release|x86.ActiveCfg = Release|Any CPU
		{C387AC4A-A77F-4181-8AB0-FEB92BE202A5}.Release|x86.Build.0 = Release|Any CPU
		{03C231C3-B592-4539-8FC2-591BD7D8A161}.Debug|Any CPU.ActiveCfg = Debug|Any CPU
		{03C231C3-B592-4539-8FC2-591BD7D8A161}.Debug|Any CPU.Build.0 = Debug|Any CPU
		{03C231C3-B592-4539-8FC2-591BD7D8A161}.Debug|x86.ActiveCfg = Debug|Any CPU
		{03C231C3-B592-4539-8FC2-591BD7D8A161}.Debug|x86.Build.0 = Debug|Any CPU
		{03C231C3-B592-4539-8FC2-591BD7D8A161}.Release|Any CPU.ActiveCfg = Release|Any CPU
		{03C231C3-B592-4539-8FC2-591BD7D8A161}.Release|Any CPU.Build.0 = Release|Any CPU
		{03C231C3-B592-4539-8FC2-591BD7D8A161}.Release|x86.ActiveCfg = Release|Any CPU
		{03C231C3-B592-4539-8FC2-591BD7D8A161}.Release|x86.Build.0 = Release|Any CPU
	EndGlobalSection
	GlobalSection(SolutionProperties) = preSolution
		HideSolutionNode = FALSE
	EndGlobalSection
	GlobalSection(ExtensibilityGlobals) = postSolution
		SolutionGuid = {B24A6212-E6E4-49C2-A87B-3416D4902A99}
	EndGlobalSection
EndGlobal
